Microsoft Visual Studio Solution File, Format Version 11.00
# Visual Studio 2015
Project("{A02302A0-5CD7-6B5B-E57E-456D27F8F688}") = "jrlanglois_acc", "jrlanglois_acc.vcxproj", "{5D9E7800-683F-4754-2F0F-A6DF8F5A1893}"
EndProject
Global
	GlobalSection(SolutionConfigurationPlatforms) = preSolution
		Debug|Win32 = Debug|Win32
		Release|Win32 = Release|Win32
	EndGlobalSection
	GlobalSection(ProjectConfigurationPlatforms) = postSolution
		{5D9E7800-683F-4754-2F0F-A6DF8F5A1893}.Debug|Win32.ActiveCfg = Debug|Win32
		{5D9E7800-683F-4754-2F0F-A6DF8F5A1893}.Debug|Win32.Build.0 = Debug|Win32
		{5D9E7800-683F-4754-2F0F-A6DF8F5A1893}.Release|Win32.ActiveCfg = Release|Win32
		{5D9E7800-683F-4754-2F0F-A6DF8F5A1893}.Release|Win32.Build.0 = Release|Win32
	EndGlobalSection
	GlobalSection(SolutionProperties) = preSolution
		HideSolutionNode = FALSE
	EndGlobalSection
EndGlobal
